// !$*UTF8*$!
{
	archiveVersion = 1;
	classes = {
	};
	objectVersion = 50;
	objects = {

/* Begin PBXBuildFile section */
		55EC6E9625E1945D00905DF9 /* AppDelegate.swift in Sources */ = {isa = PBXBuildFile; fileRef = 55EC6E9525E1945D00905DF9 /* AppDelegate.swift */; };
		55EC6E9825E1945D00905DF9 /* SceneDelegate.swift in Sources */ = {isa = PBXBuildFile; fileRef = 55EC6E9725E1945D00905DF9 /* SceneDelegate.swift */; };
		55EC6E9A25E1945D00905DF9 /* ViewController.swift in Sources */ = {isa = PBXBuildFile; fileRef = 55EC6E9925E1945D00905DF9 /* ViewController.swift */; };
		55EC6E9D25E1945D00905DF9 /* Main.storyboard in Resources */ = {isa = PBXBuildFile; fileRef = 55EC6E9B25E1945D00905DF9 /* Main.storyboard */; };
		55EC6E9F25E1945F00905DF9 /* Assets.xcassets in Resources */ = {isa = PBXBuildFile; fileRef = 55EC6E9E25E1945F00905DF9 /* Assets.xcassets */; };
		55EC6EA225E1945F00905DF9 /* LaunchScreen.storyboard in Resources */ = {isa = PBXBuildFile; fileRef = 55EC6EA025E1945F00905DF9 /* LaunchScreen.storyboard */; };
		55EC6EAD25E1945F00905DF9 /* FlashcardsTests.swift in Sources */ = {isa = PBXBuildFile; fileRef = 55EC6EAC25E1945F00905DF9 /* FlashcardsTests.swift */; };
		55EC6EB825E1945F00905DF9 /* FlashcardsUITests.swift in Sources */ = {isa = PBXBuildFile; fileRef = 55EC6EB725E1945F00905DF9 /* FlashcardsUITests.swift */; };
/* End PBXBuildFile section */

/* Begin PBXContainerItemProxy section */
		55EC6EA925E1945F00905DF9 /* PBXContainerItemProxy */ = {
			isa = PBXContainerItemProxy;
			containerPortal = 55EC6E8A25E1945D00905DF9 /* Project object */;
			proxyType = 1;
			remoteGlobalIDString = 55EC6E9125E1945D00905DF9;
			remoteInfo = Flashcards;
		};
		55EC6EB425E1945F00905DF9 /* PBXContainerItemProxy */ = {
			isa = PBXContainerItemProxy;
			containerPortal = 55EC6E8A25E1945D00905DF9 /* Project object */;
			proxyType = 1;
			remoteGlobalIDString = 55EC6E9125E1945D00905DF9;
			remoteInfo = Flashcards;
		};
/* End PBXContainerItemProxy section */

/* Begin PBXFileReference section */
		55EC6E9225E1945D00905DF9 /* Flashcards.app */ = {isa = PBXFileReference; explicitFileType = wrapper.application; includeInIndex = 0; path = Flashcards.app; sourceTree = BUILT_PRODUCTS_DIR; };
		55EC6E9525E1945D00905DF9 /* AppDelegate.swift */ = {isa = PBXFileReference; lastKnownFileType = sourcecode.swift; path = AppDelegate.swift; sourceTree = "<group>"; };
		55EC6E9725E1945D00905DF9 /* SceneDelegate.swift */ = {isa = PBXFileReference; lastKnownFileType = sourcecode.swift; path = SceneDelegate.swift; sourceTree = "<group>"; };
		55EC6E9925E1945D00905DF9 /* ViewController.swift */ = {isa = PBXFileReference; lastKnownFileType = sourcecode.swift; path = ViewController.swift; sourceTree = "<group>"; };
		55EC6E9C25E1945D00905DF9 /* Base */ = {isa = PBXFileReference; lastKnownFileType = file.storyboard; name = Base; path = Base.lproj/Main.storyboard; sourceTree = "<group>"; };
		55EC6E9E25E1945F00905DF9 /* Assets.xcassets */ = {isa = PBXFileReference; lastKnownFileType = folder.assetcatalog; path = Assets.xcassets; sourceTree = "<group>"; };
		55EC6EA125E1945F00905DF9 /* Base */ = {isa = PBXFileReference; lastKnownFileType = file.storyboard; name = Base; path = Base.lproj/LaunchScreen.storyboard; sourceTree = "<group>"; };
		55EC6EA325E1945F00905DF9 /* Info.plist */ = {isa = PBXFileReference; lastKnownFileType = text.plist.xml; path = Info.plist; sourceTree = "<group>"; };
		55EC6EA825E1945F00905DF9 /* FlashcardsTests.xctest */ = {isa = PBXFileReference; explicitFileType = wrapper.cfbundle; includeInIndex = 0; path = FlashcardsTests.xctest; sourceTree = BUILT_PRODUCTS_DIR; };
		55EC6EAC25E1945F00905DF9 /* FlashcardsTests.swift */ = {isa = PBXFileReference; lastKnownFileType = sourcecode.swift; path = FlashcardsTests.swift; sourceTree = "<group>"; };
		55EC6EAE25E1945F00905DF9 /* Info.plist */ = {isa = PBXFileReference; lastKnownFileType = text.plist.xml; path = Info.plist; sourceTree = "<group>"; };
		55EC6EB325E1945F00905DF9 /* FlashcardsUITests.xctest */ = {isa = PBXFileReference; explicitFileType = wrapper.cfbundle; includeInIndex = 0; path = FlashcardsUITests.xctest; sourceTree = BUILT_PRODUCTS_DIR; };
		55EC6EB725E1945F00905DF9 /* FlashcardsUITests.swift */ = {isa = PBXFileReference; lastKnownFileType = sourcecode.swift; path = FlashcardsUITests.swift; sourceTree = "<group>"; };
		55EC6EB925E1945F00905DF9 /* Info.plist */ = {isa = PBXFileReference; lastKnownFileType = text.plist.xml; path = Info.plist; sourceTree = "<group>"; };
/* End PBXFileReference section */

/* Begin PBXFrameworksBuildPhase section */
		55EC6E8F25E1945D00905DF9 /* Frameworks */ = {
			isa = PBXFrameworksBuildPhase;
			buildActionMask = 2147483647;
			files = (
			);
			runOnlyForDeploymentPostprocessing = 0;
		};
		55EC6EA525E1945F00905DF9 /* Frameworks */ = {
			isa = PBXFrameworksBuildPhase;
			buildActionMask = 2147483647;
			files = (
			);
			runOnlyForDeploymentPostprocessing = 0;
		};
		55EC6EB025E1945F00905DF9 /* Frameworks */ = {
			isa = PBXFrameworksBuildPhase;
			buildActionMask = 2147483647;
			files = (
			);
			runOnlyForDeploymentPostprocessing = 0;
		};
/* End PBXFrameworksBuildPhase section */

/* Begin PBXGroup section */
		55EC6E8925E1945D00905DF9 = {
			isa = PBXGroup;
			children = (
				55EC6E9425E1945D00905DF9 /* Flashcards */,
				55EC6EAB25E1945F00905DF9 /* FlashcardsTests */,
				55EC6EB625E1945F00905DF9 /* FlashcardsUITests */,
				55EC6E9325E1945D00905DF9 /* Products */,
			);
			sourceTree = "<group>";
		};
		55EC6E9325E1945D00905DF9 /* Products */ = {
			isa = PBXGroup;
			children = (
				55EC6E9225E1945D00905DF9 /* Flashcards.app */,
				55EC6EA825E1945F00905DF9 /* FlashcardsTests.xctest */,
				55EC6EB325E1945F00905DF9 /* FlashcardsUITests.xctest */,
			);
			name = Products;
			sourceTree = "<group>";
		};
		55EC6E9425E1945D00905DF9 /* Flashcards */ = {
			isa = PBXGroup;
			children = (
				55EC6E9525E1945D00905DF9 /* AppDelegate.swift */,
				55EC6E9725E1945D00905DF9 /* SceneDelegate.swift */,
				55EC6E9925E1945D00905DF9 /* ViewController.swift */,
				55EC6E9B25E1945D00905DF9 /* Main.storyboard */,
				55EC6E9E25E1945F00905DF9 /* Assets.xcassets */,
				55EC6EA025E1945F00905DF9 /* LaunchScreen.storyboard */,
				55EC6EA325E1945F00905DF9 /* Info.plist */,
			);
			path = Flashcards;
			sourceTree = "<group>";
		};
		55EC6EAB25E1945F00905DF9 /* FlashcardsTests */ = {
			isa = PBXGroup;
			children = (
				55EC6EAC25E1945F00905DF9 /* FlashcardsTests.swift */,
				55EC6EAE25E1945F00905DF9 /* Info.plist */,
			);
			path = FlashcardsTests;
			sourceTree = "<group>";
		};
		55EC6EB625E1945F00905DF9 /* FlashcardsUITests */ = {
			isa = PBXGroup;
			children = (
				55EC6EB725E1945F00905DF9 /* FlashcardsUITests.swift */,
				55EC6EB925E1945F00905DF9 /* Info.plist */,
			);
			path = FlashcardsUITests;
			sourceTree = "<group>";
		};
/* End PBXGroup section */

/* Begin PBXNativeTarget section */
		55EC6E9125E1945D00905DF9 /* Flashcards */ = {
			isa = PBXNativeTarget;
			buildConfigurationList = 55EC6EBC25E1945F00905DF9 /* Build configuration list for PBXNativeTarget "Flashcards" */;
			buildPhases = (
				55EC6E8E25E1945D00905DF9 /* Sources */,
				55EC6E8F25E1945D00905DF9 /* Frameworks */,
				55EC6E9025E1945D00905DF9 /* Resources */,
			);
			buildRules = (
			);
			dependencies = (
			);
			name = Flashcards;
			productName = Flashcards;
			productReference = 55EC6E9225E1945D00905DF9 /* Flashcards.app */;
			productType = "com.apple.product-type.application";
		};
		55EC6EA725E1945F00905DF9 /* FlashcardsTests */ = {
			isa = PBXNativeTarget;
			buildConfigurationList = 55EC6EBF25E1945F00905DF9 /* Build configuration list for PBXNativeTarget "FlashcardsTests" */;
			buildPhases = (
				55EC6EA425E1945F00905DF9 /* Sources */,
				55EC6EA525E1945F00905DF9 /* Frameworks */,
				55EC6EA625E1945F00905DF9 /* Resources */,
			);
			buildRules = (
			);
			dependencies = (
				55EC6EAA25E1945F00905DF9 /* PBXTargetDependency */,
			);
			name = FlashcardsTests;
			productName = FlashcardsTests;
			productReference = 55EC6EA825E1945F00905DF9 /* FlashcardsTests.xctest */;
			productType = "com.apple.product-type.bundle.unit-test";
		};
		55EC6EB225E1945F00905DF9 /* FlashcardsUITests */ = {
			isa = PBXNativeTarget;
			buildConfigurationList = 55EC6EC225E1945F00905DF9 /* Build configuration list for PBXNativeTarget "FlashcardsUITests" */;
			buildPhases = (
				55EC6EAF25E1945F00905DF9 /* Sources */,
				55EC6EB025E1945F00905DF9 /* Frameworks */,
				55EC6EB125E1945F00905DF9 /* Resources */,
			);
			buildRules = (
			);
			dependencies = (
				55EC6EB525E1945F00905DF9 /* PBXTargetDependency */,
			);
			name = FlashcardsUITests;
			productName = FlashcardsUITests;
			productReference = 55EC6EB325E1945F00905DF9 /* FlashcardsUITests.xctest */;
			productType = "com.apple.product-type.bundle.ui-testing";
		};
/* End PBXNativeTarget section */

/* Begin PBXProject section */
		55EC6E8A25E1945D00905DF9 /* Project object */ = {
			isa = PBXProject;
			attributes = {
				LastSwiftUpdateCheck = 1240;
				LastUpgradeCheck = 1240;
				TargetAttributes = {
					55EC6E9125E1945D00905DF9 = {
						CreatedOnToolsVersion = 12.4;
					};
					55EC6EA725E1945F00905DF9 = {
						CreatedOnToolsVersion = 12.4;
						TestTargetID = 55EC6E9125E1945D00905DF9;
					};
					55EC6EB225E1945F00905DF9 = {
						CreatedOnToolsVersion = 12.4;
						TestTargetID = 55EC6E9125E1945D00905DF9;
					};
				};
			};
			buildConfigurationList = 55EC6E8D25E1945D00905DF9 /* Build configuration list for PBXProject "Flashcards" */;
			compatibilityVersion = "Xcode 9.3";
			developmentRegion = en;
			hasScannedForEncodings = 0;
			knownRegions = (
				en,
				Base,
			);
			mainGroup = 55EC6E8925E1945D00905DF9;
			productRefGroup = 55EC6E9325E1945D00905DF9 /* Products */;
			projectDirPath = "";
			projectRoot = "";
			targets = (
				55EC6E9125E1945D00905DF9 /* Flashcards */,
				55EC6EA725E1945F00905DF9 /* FlashcardsTests */,
				55EC6EB225E1945F00905DF9 /* FlashcardsUITests */,
			);
		};
/* End PBXProject section */

/* Begin PBXResourcesBuildPhase section */
		55EC6E9025E1945D00905DF9 /* Resources */ = {
			isa = PBXResourcesBuildPhase;
			buildActionMask = 2147483647;
			files = (
				55EC6EA225E1945F00905DF9 /* LaunchScreen.storyboard in Resources */,
				55EC6E9F25E1945F00905DF9 /* Assets.xcassets in Resources */,
				55EC6E9D25E1945D00905DF9 /* Main.storyboard in Resources */,
			);
			runOnlyForDeploymentPostprocessing = 0;
		};
		55EC6EA625E1945F00905DF9 /* Resources */ = {
			isa = PBXResourcesBuildPhase;
			buildActionMask = 2147483647;
			files = (
			);
			runOnlyForDeploymentPostprocessing = 0;
		};
		55EC6EB125E1945F00905DF9 /* Resources */ = {
			isa = PBXResourcesBuildPhase;
			buildActionMask = 2147483647;
			files = (
			);
			runOnlyForDeploymentPostprocessing = 0;
		};
/* End PBXResourcesBuildPhase section */

/* Begin PBXSourcesBuildPhase section */
		55EC6E8E25E1945D00905DF9 /* Sources */ = {
			isa = PBXSourcesBuildPhase;
			buildActionMask = 2147483647;
			files = (
				55EC6E9A25E1945D00905DF9 /* ViewController.swift in Sources */,
				55EC6E9625E1945D00905DF9 /* AppDelegate.swift in Sources */,
				55EC6E9825E1945D00905DF9 /* SceneDelegate.swift in Sources */,
			);
			runOnlyForDeploymentPostprocessing = 0;
		};
		55EC6EA425E1945F00905DF9 /* Sources */ = {
			isa = PBXSourcesBuildPhase;
			buildActionMask = 2147483647;
			files = (
				55EC6EAD25E1945F00905DF9 /* FlashcardsTests.swift in Sources */,
			);
			runOnlyForDeploymentPostprocessing = 0;
		};
		55EC6EAF25E1945F00905DF9 /* Sources */ = {
			isa = PBXSourcesBuildPhase;
			buildActionMask = 2147483647;
			files = (
				55EC6EB825E1945F00905DF9 /* FlashcardsUITests.swift in Sources */,
			);
			runOnlyForDeploymentPostprocessing = 0;
		};
/* End PBXSourcesBuildPhase section */

/* Begin PBXTargetDependency section */
		55EC6EAA25E1945F00905DF9 /* PBXTargetDependency */ = {
			isa = PBXTargetDependency;
			target = 55EC6E9125E1945D00905DF9 /* Flashcards */;
			targetProxy = 55EC6EA925E1945F00905DF9 /* PBXContainerItemProxy */;
		};
		55EC6EB525E1945F00905DF9 /* PBXTargetDependency */ = {
			isa = PBXTargetDependency;
			target = 55EC6E9125E1945D00905DF9 /* Flashcards */;
			targetProxy = 55EC6EB425E1945F00905DF9 /* PBXContainerItemProxy */;
		};
/* End PBXTargetDependency section */

/* Begin PBXVariantGroup section */
		55EC6E9B25E1945D00905DF9 /* Main.storyboard */ = {
			isa = PBXVariantGroup;
			children = (
				55EC6E9C25E1945D00905DF9 /* Base */,
			);
			name = Main.storyboard;
			sourceTree = "<group>";
		};
		55EC6EA025E1945F00905DF9 /* LaunchScreen.storyboard */ = {
			isa = PBXVariantGroup;
			children = (
				55EC6EA125E1945F00905DF9 /* Base */,
			);
			name = LaunchScreen.storyboard;
			sourceTree = "<group>";
		};
/* End PBXVariantGroup section */

/* Begin XCBuildConfiguration section */
		55EC6EBA25E1945F00905DF9 /* Debug */ = {
			isa = XCBuildConfiguration;
			buildSettings = {
				ALWAYS_SEARCH_USER_PATHS = NO;
				CLANG_ANALYZER_NONNULL = YES;
				CLANG_ANALYZER_NUMBER_OBJECT_CONVERSION = YES_AGGRESSIVE;
				CLANG_CXX_LANGUAGE_STANDARD = "gnu++14";
				CLANG_CXX_LIBRARY = "libc++";
				CLANG_ENABLE_MODULES = YES;
				CLANG_ENABLE_OBJC_ARC = YES;
				CLANG_ENABLE_OBJC_WEAK = YES;
				CLANG_WARN_BLOCK_CAPTURE_AUTORELEASING = YES;
				CLANG_WARN_BOOL_CONVERSION = YES;
				CLANG_WARN_COMMA = YES;
				CLANG_WARN_CONSTANT_CONVERSION = YES;
				CLANG_WARN_DEPRECATED_OBJC_IMPLEMENTATIONS = YES;
				CLANG_WARN_DIRECT_OBJC_ISA_USAGE = YES_ERROR;
				CLANG_WARN_DOCUMENTATION_COMMENTS = YES;
				CLANG_WARN_EMPTY_BODY = YES;
				CLANG_WARN_ENUM_CONVERSION = YES;
				CLANG_WARN_INFINITE_RECURSION = YES;
				CLANG_WARN_INT_CONVERSION = YES;
				CLANG_WARN_NON_LITERAL_NULL_CONVERSION = YES;
				CLANG_WARN_OBJC_IMPLICIT_RETAIN_SELF = YES;
				CLANG_WARN_OBJC_LITERAL_CONVERSION = YES;
				CLANG_WARN_OBJC_ROOT_CLASS = YES_ERROR;
				CLANG_WARN_QUOTED_INCLUDE_IN_FRAMEWORK_HEADER = YES;
				CLANG_WARN_RANGE_LOOP_ANALYSIS = YES;
				CLANG_WARN_STRICT_PROTOTYPES = YES;
				CLANG_WARN_SUSPICIOUS_MOVE = YES;
				CLANG_WARN_UNGUARDED_AVAILABILITY = YES_AGGRESSIVE;
				CLANG_WARN_UNREACHABLE_CODE = YES;
				CLANG_WARN__DUPLICATE_METHOD_MATCH = YES;
				COPY_PHASE_STRIP = NO;
				DEBUG_INFORMATION_FORMAT = dwarf;
				ENABLE_STRICT_OBJC_MSGSEND = YES;
				ENABLE_TESTABILITY = YES;
				GCC_C_LANGUAGE_STANDARD = gnu11;
				GCC_DYNAMIC_NO_PIC = NO;
				GCC_NO_COMMON_BLOCKS = YES;
				GCC_OPTIMIZATION_LEVEL = 0;
				GCC_PREPROCESSOR_DEFINITIONS = (
					"DEBUG=1",
					"$(inherited)",
				);
				GCC_WARN_64_TO_32_BIT_CONVERSION = YES;
				GCC_WARN_ABOUT_RETURN_TYPE = YES_ERROR;
				GCC_WARN_UNDECLARED_SELECTOR = YES;
				GCC_WARN_UNINITIALIZED_AUTOS = YES_AGGRESSIVE;
				GCC_WARN_UNUSED_FUNCTION = YES;
				GCC_WARN_UNUSED_VARIABLE = YES;
				IPHONEOS_DEPLOYMENT_TARGET = 14.4;
				MTL_ENABLE_DEBUG_INFO = INCLUDE_SOURCE;
				MTL_FAST_MATH = YES;
				ONLY_ACTIVE_ARCH = YES;
				SDKROOT = iphoneos;
				SWIFT_ACTIVE_COMPILATION_CONDITIONS = DEBUG;
				SWIFT_OPTIMIZATION_LEVEL = "-Onone";
			};
			name = Debug;
		};
		55EC6EBB25E1945F00905DF9 /* Release */ = {
			isa = XCBuildConfiguration;
			buildSettings = {
				ALWAYS_SEARCH_USER_PATHS = NO;
				CLANG_ANALYZER_NONNULL = YES;
				CLANG_ANALYZER_NUMBER_OBJECT_CONVERSION = YES_AGGRESSIVE;
				CLANG_CXX_LANGUAGE_STANDARD = "gnu++14";
				CLANG_CXX_LIBRARY = "libc++";
				CLANG_ENABLE_MODULES = YES;
				CLANG_ENABLE_OBJC_ARC = YES;
				CLANG_ENABLE_OBJC_WEAK = YES;
				CLANG_WARN_BLOCK_CAPTURE_AUTORELEASING = YES;
				CLANG_WARN_BOOL_CONVERSION = YES;
				CLANG_WARN_COMMA = YES;
				CLANG_WARN_CONSTANT_CONVERSION = YES;
				CLANG_WARN_DEPRECATED_OBJC_IMPLEMENTATIONS = YES;
				CLANG_WARN_DIRECT_OBJC_ISA_USAGE = YES_ERROR;
				CLANG_WARN_DOCUMENTATION_COMMENTS = YES;
				CLANG_WARN_EMPTY_BODY = YES;
				CLANG_WARN_ENUM_CONVERSION = YES;
				CLANG_WARN_INFINITE_RECURSION = YES;
				CLANG_WARN_INT_CONVERSION = YES;
				CLANG_WARN_NON_LITERAL_NULL_CONVERSION = YES;
				CLANG_WARN_OBJC_IMPLICIT_RETAIN_SELF = YES;
				CLANG_WARN_OBJC_LITERAL_CONVERSION = YES;
				CLANG_WARN_OBJC_ROOT_CLASS = YES_ERROR;
				CLANG_WARN_QUOTED_INCLUDE_IN_FRAMEWORK_HEADER = YES;
				CLANG_WARN_RANGE_LOOP_ANALYSIS = YES;
				CLANG_WARN_STRICT_PROTOTYPES = YES;
				CLANG_WARN_SUSPICIOUS_MOVE = YES;
				CLANG_WARN_UNGUARDED_AVAILABILITY = YES_AGGRESSIVE;
				CLANG_WARN_UNREACHABLE_CODE = YES;
				CLANG_WARN__DUPLICATE_METHOD_MATCH = YES;
				COPY_PHASE_STRIP = NO;
				DEBUG_INFORMATION_FORMAT = "dwarf-with-dsym";
				ENABLE_NS_ASSERTIONS = NO;
				ENABLE_STRICT_OBJC_MSGSEND = YES;
				GCC_C_LANGUAGE_STANDARD = gnu11;
				GCC_NO_COMMON_BLOCKS = YES;
				GCC_WARN_64_TO_32_BIT_CONVERSION = YES;
				GCC_WARN_ABOUT_RETURN_TYPE = YES_ERROR;
				GCC_WARN_UNDECLARED_SELECTOR = YES;
				GCC_WARN_UNINITIALIZED_AUTOS = YES_AGGRESSIVE;
				GCC_WARN_UNUSED_FUNCTION = YES;
				GCC_WARN_UNUSED_VARIABLE = YES;
				IPHONEOS_DEPLOYMENT_TARGET = 14.4;
				MTL_ENABLE_DEBUG_INFO = NO;
				MTL_FAST_MATH = YES;
				SDKROOT = iphoneos;
				SWIFT_COMPILATION_MODE = wholemodule;
				SWIFT_OPTIMIZATION_LEVEL = "-O";
				VALIDATE_PRODUCT = YES;
			};
			name = Release;
		};
		55EC6EBD25E1945F00905DF9 /* Debug */ = {
			isa = XCBuildConfiguration;
			buildSettings = {
				ASSETCATALOG_COMPILER_APPICON_NAME = AppIcon;
				ASSETCATALOG_COMPILER_GLOBAL_ACCENT_COLOR_NAME = AccentColor;
				CODE_SIGN_STYLE = Automatic;
				INFOPLIST_FILE = Flashcards/Info.plist;
				LD_RUNPATH_SEARCH_PATHS = (
					"$(inherited)",
					"@executable_path/Frameworks",
				);
				PRODUCT_BUNDLE_IDENTIFIER = codepath.Flashcards;
				PRODUCT_NAME = "$(TARGET_NAME)";
				SWIFT_VERSION = 5.0;
				TARGETED_DEVICE_FAMILY = "1,2";
			};
			name = Debug;
		};
		55EC6EBE25E1945F00905DF9 /* Release */ = {
			isa = XCBuildConfiguration;
			buildSettings = {
				ASSETCATALOG_COMPILER_APPICON_NAME = AppIcon;
				ASSETCATALOG_COMPILER_GLOBAL_ACCENT_COLOR_NAME = AccentColor;
				CODE_SIGN_STYLE = Automatic;
				INFOPLIST_FILE = Flashcards/Info.plist;
				LD_RUNPATH_SEARCH_PATHS = (
					"$(inherited)",
					"@executable_path/Frameworks",
				);
				PRODUCT_BUNDLE_IDENTIFIER = codepath.Flashcards;
				PRODUCT_NAME = "$(TARGET_NAME)";
				SWIFT_VERSION = 5.0;
				TARGETED_DEVICE_FAMILY = "1,2";
			};
			name = Release;
		};
		55EC6EC025E1945F00905DF9 /* Debug */ = {
			isa = XCBuildConfiguration;
			buildSettings = {
				ALWAYS_EMBED_SWIFT_STANDARD_LIBRARIES = YES;
				BUNDLE_LOADER = "$(TEST_HOST)";
				CODE_SIGN_STYLE = Automatic;
				INFOPLIST_FILE = FlashcardsTests/Info.plist;
				IPHONEOS_DEPLOYMENT_TARGET = 14.4;
				LD_RUNPATH_SEARCH_PATHS = (
					"$(inherited)",
					"@executable_path/Frameworks",
					"@loader_path/Frameworks",
				);
				PRODUCT_BUNDLE_IDENTIFIER = codepath.FlashcardsTests;
				PRODUCT_NAME = "$(TARGET_NAME)";
				SWIFT_VERSION = 5.0;
				TARGETED_DEVICE_FAMILY = "1,2";
				TEST_HOST = "$(BUILT_PRODUCTS_DIR)/Flashcards.app/Flashcards";
			};
			name = Debug;
		};
		55EC6EC125E1945F00905DF9 /* Release */ = {
			isa = XCBuildConfiguration;
			buildSettings = {
				ALWAYS_EMBED_SWIFT_STANDARD_LIBRARIES = YES;
				BUNDLE_LOADER = "$(TEST_HOST)";
				CODE_SIGN_STYLE = Automatic;
				INFOPLIST_FILE = FlashcardsTests/Info.plist;
				IPHONEOS_DEPLOYMENT_TARGET = 14.4;
				LD_RUNPATH_SEARCH_PATHS = (
					"$(inherited)",
					"@executable_path/Frameworks",
					"@loader_path/Frameworks",
				);
				PRODUCT_BUNDLE_IDENTIFIER = codepath.FlashcardsTests;
				PRODUCT_NAME = "$(TARGET_NAME)";
				SWIFT_VERSION = 5.0;
				TARGETED_DEVICE_FAMILY = "1,2";
				TEST_HOST = "$(BUILT_PRODUCTS_DIR)/Flashcards.app/Flashcards";
			};
			name = Release;
		};
		55EC6EC325E1945F00905DF9 /* Debug */ = {
			isa = XCBuildConfiguration;
			buildSettings = {
				ALWAYS_EMBED_SWIFT_STANDARD_LIBRARIES = YES;
				CODE_SIGN_STYLE = Automatic;
				INFOPLIST_FILE = FlashcardsUITests/Info.plist;
				LD_RUNPATH_SEARCH_PATHS = (
					"$(inherited)",
					"@executable_path/Frameworks",
					"@loader_path/Frameworks",
				);
				PRODUCT_BUNDLE_IDENTIFIER = codepath.FlashcardsUITests;
				PRODUCT_NAME = "$(TARGET_NAME)";
				SWIFT_VERSION = 5.0;
				TARGETED_DEVICE_FAMILY = "1,2";
				TEST_TARGET_NAME = Flashcards;
			};
			name = Debug;
		};
		55EC6EC425E1945F00905DF9 /* Release */ = {
			isa = XCBuildConfiguration;
			buildSettings = {
				ALWAYS_EMBED_SWIFT_STANDARD_LIBRARIES = YES;
				CODE_SIGN_STYLE = Automatic;
				INFOPLIST_FILE = FlashcardsUITests/Info.plist;
				LD_RUNPATH_SEARCH_PATHS = (
					"$(inherited)",
					"@executable_path/Frameworks",
					"@loader_path/Frameworks",
				);
				PRODUCT_BUNDLE_IDENTIFIER = codepath.FlashcardsUITests;
				PRODUCT_NAME = "$(TARGET_NAME)";
				SWIFT_VERSION = 5.0;
				TARGETED_DEVICE_FAMILY = "1,2";
				TEST_TARGET_NAME = Flashcards;
			};
			name = Release;
		};
/* End XCBuildConfiguration section */

/* Begin XCConfigurationList section */
		55EC6E8D25E1945D00905DF9 /* Build configuration list for PBXProject "Flashcards" */ = {
			isa = XCConfigurationList;
			buildConfigurations = (
				55EC6EBA25E1945F00905DF9 /* Debug */,
				55EC6EBB25E1945F00905DF9 /* Release */,
			);
			defaultConfigurationIsVisible = 0;
			defaultConfigurationName = Release;
		};
		55EC6EBC25E1945F00905DF9 /* Build configuration list for PBXNativeTarget "Flashcards" */ = {
			isa = XCConfigurationList;
			buildConfigurations = (
				55EC6EBD25E1945F00905DF9 /* Debug */,
				55EC6EBE25E1945F00905DF9 /* Release */,
			);
			defaultConfigurationIsVisible = 0;
			defaultConfigurationName = Release;
		};
		55EC6EBF25E1945F00905DF9 /* Build configuration list for PBXNativeTarget "FlashcardsTests" */ = {
			isa = XCConfigurationList;
			buildConfigurations = (
				55EC6EC025E1945F00905DF9 /* Debug */,
				55EC6EC125E1945F00905DF9 /* Release */,
			);
			defaultConfigurationIsVisible = 0;
			defaultConfigurationName = Release;
		};
		55EC6EC225E1945F00905DF9 /* Build configuration list for PBXNativeTarget "FlashcardsUITests" */ = {
			isa = XCConfigurationList;
			buildConfigurations = (
				55EC6EC325E1945F00905DF9 /* Debug */,
				55EC6EC425E1945F00905DF9 /* Release */,
			);
			defaultConfigurationIsVisible = 0;
			defaultConfigurationName = Release;
		};
/* End XCConfigurationList section */
	};
	rootObject = 55EC6E8A25E1945D00905DF9 /* Project object */;
}
